
Microsoft Visual Studio Solution File, Format Version 12.00
# Visual Studio Version 16
VisualStudioVersion = 16.0.29409.12
MinimumVisualStudioVersion = 10.0.40219.1
Project("{8BC9CEB8-8B4A-11D0-8D11-00A0C91BC942}") = "1.1.hello_window", "1.1.hello_window\1.1.hello_window.vcxproj", "{56A78038-F539-4B27-A7ED-4C3674651C12}"
EndProject
Project("{8BC9CEB8-8B4A-11D0-8D11-00A0C91BC942}") = "2.1.hello_triangle", "2.1.hello_triangle\2.1.hello_triangle.vcxproj", "{0DCD38E9-0066-440F-9E53-6C42857DE7B5}"
EndProject
Project("{8BC9CEB8-8B4A-11D0-8D11-00A0C91BC942}") = "2.2.hello_triangle_indexed", "2.2.hello_triangle_indexed\2.2.hello_triangle_indexed.vcxproj", "{7575C966-9163-47B2-84BE-A5C874088986}"
EndProject
Project("{8BC9CEB8-8B4A-11D0-8D11-00A0C91BC942}") = "2.3.hello_triangle_execise1", "2.3.hello_triangle_execise1\2.3.hello_triangle_execise1.vcxproj", "{87F1F257-AE4F-49B3-AFCB-E3A8293B26B1}"
EndProject
Project("{8BC9CEB8-8B4A-11D0-8D11-00A0C91BC942}") = "2.4.hello_triangle_execise2", "2.4.hello_triangle_execise2\2.4.hello_triangle_execise2.vcxproj", "{3F935D14-CD2D-402A-8B96-8E9FDC3612CC}"
EndProject
Project("{8BC9CEB8-8B4A-11D0-8D11-00A0C91BC942}") = "2.5.hello_triangle_execise3", "2.5.hello_triangle_execise3\2.5.hello_triangle_execise3.vcxproj", "{5F6130F2-E812-4B42-A3A7-3ABD24A35ABC}"
EndProject
Project("{8BC9CEB8-8B4A-11D0-8D11-00A0C91BC942}") = "3.1.shaders_uniform", "3.1.shaders_uniform\3.1.shaders_uniform.vcxproj", "{88B38BDE-04DF-483B-8B2D-499417DC1FB8}"
EndProject
Project("{8BC9CEB8-8B4A-11D0-8D11-00A0C91BC942}") = "3.2.shaders_interpolation", "3.2.shaders_interpolation\3.2.shaders_interpolation.vcxproj", "{2CEB41B1-5235-4014-924F-1497ADFFBBC2}"
EndProject
Project("{8BC9CEB8-8B4A-11D0-8D11-00A0C91BC942}") = "3.3.shaders_class", "3.3.shaders_class\3.3.shaders_class.vcxproj", "{C6B29A21-3C71-4A31-829F-2BA29F9B40ED}"
EndProject
Project("{8BC9CEB8-8B4A-11D0-8D11-00A0C91BC942}") = "3.4.shaders_execise1", "3.4.shaders_execise1\3.4.shaders_execise1.vcxproj", "{9EDA2047-4776-4AE6-8895-621B5C5BB5DB}"
EndProject
Project("{8BC9CEB8-8B4A-11D0-8D11-00A0C91BC942}") = "3.5.shaders_execise2", "3.5.shaders_execise2\3.5.shaders_execise2.vcxproj", "{232BA6AE-EE49-403E-9C6A-A276CF4DEDF7}"
EndProject
Project("{8BC9CEB8-8B4A-11D0-8D11-00A0C91BC942}") = "3.6.shaders_execise3", "3.6.shaders_execise3\3.6.shaders_execise3.vcxproj", "{53AAD090-6286-4532-9660-E19BFA304728}"
EndProject
Project("{8BC9CEB8-8B4A-11D0-8D11-00A0C91BC942}") = "4.1.textures", "4.1.textures\4.1.textures.vcxproj", "{5178AAE9-ADFE-4876-A459-ED2B803C7E93}"
EndProject
Project("{8BC9CEB8-8B4A-11D0-8D11-00A0C91BC942}") = "4.2.textures_combined", "4.2.textures_combined\4.2.textures_combined.vcxproj", "{D5FF5EFC-4999-4AAE-8F8D-FA7CC87ABE97}"
EndProject
Project("{8BC9CEB8-8B4A-11D0-8D11-00A0C91BC942}") = "4.3.textures_execise1", "4.3.textures_execise1\4.3.textures_execise1.vcxproj", "{F6F63BFA-765E-47CD-B8E4-7FD4A0E9CB0C}"
EndProject
Project("{8BC9CEB8-8B4A-11D0-8D11-00A0C91BC942}") = "4.4.textures_execise2", "4.4.textures_execise2\4.4.textures_execise2.vcxproj", "{12056CC4-8E9D-45B0-9FC5-BC7384212168}"
EndProject
Project("{8BC9CEB8-8B4A-11D0-8D11-00A0C91BC942}") = "4.5.textures_execise3", "4.5.textures_execise3\4.5.textures_execise3.vcxproj", "{B0638D6A-2AB2-4B1E-BA2F-C23A2D90969C}"
EndProject
Project("{8BC9CEB8-8B4A-11D0-8D11-00A0C91BC942}") = "4.6.textures_execise4", "4.6.textures_execise4\4.6.textures_execise4.vcxproj", "{DBBE42EC-5C49-481B-9346-A8ECA8D78FA3}"
EndProject
Project("{8BC9CEB8-8B4A-11D0-8D11-00A0C91BC942}") = "5.1.transformations", "5.1.transformations\5.1.transformations.vcxproj", "{25AC995B-8C38-4D17-BE6D-90917E338B6E}"
EndProject
Project("{8BC9CEB8-8B4A-11D0-8D11-00A0C91BC942}") = "5.2.transformations_execise2", "5.2.transformations_execise2\5.2.transformations_execise2.vcxproj", "{D7888AAC-1069-4510-A778-2D0928EBE7A6}"
EndProject
Global
	GlobalSection(SolutionConfigurationPlatforms) = preSolution
		Debug|x64 = Debug|x64
		Debug|x86 = Debug|x86
		Release|x64 = Release|x64
		Release|x86 = Release|x86
	EndGlobalSection
	GlobalSection(ProjectConfigurationPlatforms) = postSolution
		{56A78038-F539-4B27-A7ED-4C3674651C12}.Debug|x64.ActiveCfg = Debug|x64
		{56A78038-F539-4B27-A7ED-4C3674651C12}.Debug|x64.Build.0 = Debug|x64
		{56A78038-F539-4B27-A7ED-4C3674651C12}.Debug|x86.ActiveCfg = Debug|Win32
		{56A78038-F539-4B27-A7ED-4C3674651C12}.Debug|x86.Build.0 = Debug|Win32
		{56A78038-F539-4B27-A7ED-4C3674651C12}.Release|x64.ActiveCfg = Release|x64
		{56A78038-F539-4B27-A7ED-4C3674651C12}.Release|x64.Build.0 = Release|x64
		{56A78038-F539-4B27-A7ED-4C3674651C12}.Release|x86.ActiveCfg = Release|Win32
		{56A78038-F539-4B27-A7ED-4C3674651C12}.Release|x86.Build.0 = Release|Win32
		{0DCD38E9-0066-440F-9E53-6C42857DE7B5}.Debug|x64.ActiveCfg = Debug|x64
		{0DCD38E9-0066-440F-9E53-6C42857DE7B5}.Debug|x64.Build.0 = Debug|x64
		{0DCD38E9-0066-440F-9E53-6C42857DE7B5}.Debug|x86.ActiveCfg = Debug|Win32
		{0DCD38E9-0066-440F-9E53-6C42857DE7B5}.Debug|x86.Build.0 = Debug|Win32
		{0DCD38E9-0066-440F-9E53-6C42857DE7B5}.Release|x64.ActiveCfg = Release|x64
		{0DCD38E9-0066-440F-9E53-6C42857DE7B5}.Release|x64.Build.0 = Release|x64
		{0DCD38E9-0066-440F-9E53-6C42857DE7B5}.Release|x86.ActiveCfg = Release|Win32
		{0DCD38E9-0066-440F-9E53-6C42857DE7B5}.Release|x86.Build.0 = Release|Win32
		{7575C966-9163-47B2-84BE-A5C874088986}.Debug|x64.ActiveCfg = Debug|x64
		{7575C966-9163-47B2-84BE-A5C874088986}.Debug|x64.Build.0 = Debug|x64
		{7575C966-9163-47B2-84BE-A5C874088986}.Debug|x86.ActiveCfg = Debug|Win32
		{7575C966-9163-47B2-84BE-A5C874088986}.Debug|x86.Build.0 = Debug|Win32
		{7575C966-9163-47B2-84BE-A5C874088986}.Release|x64.ActiveCfg = Release|x64
		{7575C966-9163-47B2-84BE-A5C874088986}.Release|x64.Build.0 = Release|x64
		{7575C966-9163-47B2-84BE-A5C874088986}.Release|x86.ActiveCfg = Release|Win32
		{7575C966-9163-47B2-84BE-A5C874088986}.Release|x86.Build.0 = Release|Win32
		{87F1F257-AE4F-49B3-AFCB-E3A8293B26B1}.Debug|x64.ActiveCfg = Debug|x64
		{87F1F257-AE4F-49B3-AFCB-E3A8293B26B1}.Debug|x64.Build.0 = Debug|x64
		{87F1F257-AE4F-49B3-AFCB-E3A8293B26B1}.Debug|x86.ActiveCfg = Debug|Win32
		{87F1F257-AE4F-49B3-AFCB-E3A8293B26B1}.Debug|x86.Build.0 = Debug|Win32
		{87F1F257-AE4F-49B3-AFCB-E3A8293B26B1}.Release|x64.ActiveCfg = Release|x64
		{87F1F257-AE4F-49B3-AFCB-E3A8293B26B1}.Release|x64.Build.0 = Release|x64
		{87F1F257-AE4F-49B3-AFCB-E3A8293B26B1}.Release|x86.ActiveCfg = Release|Win32
		{87F1F257-AE4F-49B3-AFCB-E3A8293B26B1}.Release|x86.Build.0 = Release|Win32
		{3F935D14-CD2D-402A-8B96-8E9FDC3612CC}.Debug|x64.ActiveCfg = Debug|x64
		{3F935D14-CD2D-402A-8B96-8E9FDC3612CC}.Debug|x64.Build.0 = Debug|x64
		{3F935D14-CD2D-402A-8B96-8E9FDC3612CC}.Debug|x86.ActiveCfg = Debug|Win32
		{3F935D14-CD2D-402A-8B96-8E9FDC3612CC}.Debug|x86.Build.0 = Debug|Win32
		{3F935D14-CD2D-402A-8B96-8E9FDC3612CC}.Release|x64.ActiveCfg = Release|x64
		{3F935D14-CD2D-402A-8B96-8E9FDC3612CC}.Release|x64.Build.0 = Release|x64
		{3F935D14-CD2D-402A-8B96-8E9FDC3612CC}.Release|x86.ActiveCfg = Release|Win32
		{3F935D14-CD2D-402A-8B96-8E9FDC3612CC}.Release|x86.Build.0 = Release|Win32
		{5F6130F2-E812-4B42-A3A7-3ABD24A35ABC}.Debug|x64.ActiveCfg = Debug|x64
		{5F6130F2-E812-4B42-A3A7-3ABD24A35ABC}.Debug|x64.Build.0 = Debug|x64
		{5F6130F2-E812-4B42-A3A7-3ABD24A35ABC}.Debug|x86.ActiveCfg = Debug|Win32
		{5F6130F2-E812-4B42-A3A7-3ABD24A35ABC}.Debug|x86.Build.0 = Debug|Win32
		{5F6130F2-E812-4B42-A3A7-3ABD24A35ABC}.Release|x64.ActiveCfg = Release|x64
		{5F6130F2-E812-4B42-A3A7-3ABD24A35ABC}.Release|x64.Build.0 = Release|x64
		{5F6130F2-E812-4B42-A3A7-3ABD24A35ABC}.Release|x86.ActiveCfg = Release|Win32
		{5F6130F2-E812-4B42-A3A7-3ABD24A35ABC}.Release|x86.Build.0 = Release|Win32
		{88B38BDE-04DF-483B-8B2D-499417DC1FB8}.Debug|x64.ActiveCfg = Debug|x64
		{88B38BDE-04DF-483B-8B2D-499417DC1FB8}.Debug|x64.Build.0 = Debug|x64
		{88B38BDE-04DF-483B-8B2D-499417DC1FB8}.Debug|x86.ActiveCfg = Debug|Win32
		{88B38BDE-04DF-483B-8B2D-499417DC1FB8}.Debug|x86.Build.0 = Debug|Win32
		{88B38BDE-04DF-483B-8B2D-499417DC1FB8}.Release|x64.ActiveCfg = Release|x64
		{88B38BDE-04DF-483B-8B2D-499417DC1FB8}.Release|x64.Build.0 = Release|x64
		{88B38BDE-04DF-483B-8B2D-499417DC1FB8}.Release|x86.ActiveCfg = Release|Win32
		{88B38BDE-04DF-483B-8B2D-499417DC1FB8}.Release|x86.Build.0 = Release|Win32
		{2CEB41B1-5235-4014-924F-1497ADFFBBC2}.Debug|x64.ActiveCfg = Debug|x64
		{2CEB41B1-5235-4014-924F-1497ADFFBBC2}.Debug|x64.Build.0 = Debug|x64
		{2CEB41B1-5235-4014-924F-1497ADFFBBC2}.Debug|x86.ActiveCfg = Debug|Win32
		{2CEB41B1-5235-4014-924F-1497ADFFBBC2}.Debug|x86.Build.0 = Debug|Win32
		{2CEB41B1-5235-4014-924F-1497ADFFBBC2}.Release|x64.ActiveCfg = Release|x64
		{2CEB41B1-5235-4014-924F-1497ADFFBBC2}.Release|x64.Build.0 = Release|x64
		{2CEB41B1-5235-4014-924F-1497ADFFBBC2}.Release|x86.ActiveCfg = Release|Win32
		{2CEB41B1-5235-4014-924F-1497ADFFBBC2}.Release|x86.Build.0 = Release|Win32
		{C6B29A21-3C71-4A31-829F-2BA29F9B40ED}.Debug|x64.ActiveCfg = Debug|x64
		{C6B29A21-3C71-4A31-829F-2BA29F9B40ED}.Debug|x64.Build.0 = Debug|x64
		{C6B29A21-3C71-4A31-829F-2BA29F9B40ED}.Debug|x86.ActiveCfg = Debug|Win32
		{C6B29A21-3C71-4A31-829F-2BA29F9B40ED}.Debug|x86.Build.0 = Debug|Win32
		{C6B29A21-3C71-4A31-829F-2BA29F9B40ED}.Release|x64.ActiveCfg = Release|x64
		{C6B29A21-3C71-4A31-829F-2BA29F9B40ED}.Release|x64.Build.0 = Release|x64
		{C6B29A21-3C71-4A31-829F-2BA29F9B40ED}.Release|x86.ActiveCfg = Release|Win32
		{C6B29A21-3C71-4A31-829F-2BA29F9B40ED}.Release|x86.Build.0 = Release|Win32
		{9EDA2047-4776-4AE6-8895-621B5C5BB5DB}.Debug|x64.ActiveCfg = Debug|x64
		{9EDA2047-4776-4AE6-8895-621B5C5BB5DB}.Debug|x64.Build.0 = Debug|x64
		{9EDA2047-4776-4AE6-8895-621B5C5BB5DB}.Debug|x86.ActiveCfg = Debug|Win32
		{9EDA2047-4776-4AE6-8895-621B5C5BB5DB}.Debug|x86.Build.0 = Debug|Win32
		{9EDA2047-4776-4AE6-8895-621B5C5BB5DB}.Release|x64.ActiveCfg = Release|x64
		{9EDA2047-4776-4AE6-8895-621B5C5BB5DB}.Release|x64.Build.0 = Release|x64
		{9EDA2047-4776-4AE6-8895-621B5C5BB5DB}.Release|x86.ActiveCfg = Release|Win32
		{9EDA2047-4776-4AE6-8895-621B5C5BB5DB}.Release|x86.Build.0 = Release|Win32
		{232BA6AE-EE49-403E-9C6A-A276CF4DEDF7}.Debug|x64.ActiveCfg = Debug|x64
		{232BA6AE-EE49-403E-9C6A-A276CF4DEDF7}.Debug|x64.Build.0 = Debug|x64
		{232BA6AE-EE49-403E-9C6A-A276CF4DEDF7}.Debug|x86.ActiveCfg = Debug|Win32
		{232BA6AE-EE49-403E-9C6A-A276CF4DEDF7}.Debug|x86.Build.0 = Debug|Win32
		{232BA6AE-EE49-403E-9C6A-A276CF4DEDF7}.Release|x64.ActiveCfg = Release|x64
		{232BA6AE-EE49-403E-9C6A-A276CF4DEDF7}.Release|x64.Build.0 = Release|x64
		{232BA6AE-EE49-403E-9C6A-A276CF4DEDF7}.Release|x86.ActiveCfg = Release|Win32
		{232BA6AE-EE49-403E-9C6A-A276CF4DEDF7}.Release|x86.Build.0 = Release|Win32
		{53AAD090-6286-4532-9660-E19BFA304728}.Debug|x64.ActiveCfg = Debug|x64
		{53AAD090-6286-4532-9660-E19BFA304728}.Debug|x64.Build.0 = Debug|x64
		{53AAD090-6286-4532-9660-E19BFA304728}.Debug|x86.ActiveCfg = Debug|Win32
		{53AAD090-6286-4532-9660-E19BFA304728}.Debug|x86.Build.0 = Debug|Win32
		{53AAD090-6286-4532-9660-E19BFA304728}.Release|x64.ActiveCfg = Release|x64
		{53AAD090-6286-4532-9660-E19BFA304728}.Release|x64.Build.0 = Release|x64
		{53AAD090-6286-4532-9660-E19BFA304728}.Release|x86.ActiveCfg = Release|Win32
		{53AAD090-6286-4532-9660-E19BFA304728}.Release|x86.Build.0 = Release|Win32
		{5178AAE9-ADFE-4876-A459-ED2B803C7E93}.Debug|x64.ActiveCfg = Debug|x64
		{5178AAE9-ADFE-4876-A459-ED2B803C7E93}.Debug|x64.Build.0 = Debug|x64
		{5178AAE9-ADFE-4876-A459-ED2B803C7E93}.Debug|x86.ActiveCfg = Debug|Win32
		{5178AAE9-ADFE-4876-A459-ED2B803C7E93}.Debug|x86.Build.0 = Debug|Win32
		{5178AAE9-ADFE-4876-A459-ED2B803C7E93}.Release|x64.ActiveCfg = Release|x64
		{5178AAE9-ADFE-4876-A459-ED2B803C7E93}.Release|x64.Build.0 = Release|x64
		{5178AAE9-ADFE-4876-A459-ED2B803C7E93}.Release|x86.ActiveCfg = Release|Win32
		{5178AAE9-ADFE-4876-A459-ED2B803C7E93}.Release|x86.Build.0 = Release|Win32
		{D5FF5EFC-4999-4AAE-8F8D-FA7CC87ABE97}.Debug|x64.ActiveCfg = Debug|x64
		{D5FF5EFC-4999-4AAE-8F8D-FA7CC87ABE97}.Debug|x64.Build.0 = Debug|x64
		{D5FF5EFC-4999-4AAE-8F8D-FA7CC87ABE97}.Debug|x86.ActiveCfg = Debug|Win32
		{D5FF5EFC-4999-4AAE-8F8D-FA7CC87ABE97}.Debug|x86.Build.0 = Debug|Win32
		{D5FF5EFC-4999-4AAE-8F8D-FA7CC87ABE97}.Release|x64.ActiveCfg = Release|x64
		{D5FF5EFC-4999-4AAE-8F8D-FA7CC87ABE97}.Release|x64.Build.0 = Release|x64
		{D5FF5EFC-4999-4AAE-8F8D-FA7CC87ABE97}.Release|x86.ActiveCfg = Release|Win32
		{D5FF5EFC-4999-4AAE-8F8D-FA7CC87ABE97}.Release|x86.Build.0 = Release|Win32
		{F6F63BFA-765E-47CD-B8E4-7FD4A0E9CB0C}.Debug|x64.ActiveCfg = Debug|x64
		{F6F63BFA-765E-47CD-B8E4-7FD4A0E9CB0C}.Debug|x64.Build.0 = Debug|x64
		{F6F63BFA-765E-47CD-B8E4-7FD4A0E9CB0C}.Debug|x86.ActiveCfg = Debug|Win32
		{F6F63BFA-765E-47CD-B8E4-7FD4A0E9CB0C}.Debug|x86.Build.0 = Debug|Win32
		{F6F63BFA-765E-47CD-B8E4-7FD4A0E9CB0C}.Release|x64.ActiveCfg = Release|x64
		{F6F63BFA-765E-47CD-B8E4-7FD4A0E9CB0C}.Release|x64.Build.0 = Release|x64
		{F6F63BFA-765E-47CD-B8E4-7FD4A0E9CB0C}.Release|x86.ActiveCfg = Release|Win32
		{F6F63BFA-765E-47CD-B8E4-7FD4A0E9CB0C}.Release|x86.Build.0 = Release|Win32
		{12056CC4-8E9D-45B0-9FC5-BC7384212168}.Debug|x64.ActiveCfg = Debug|x64
		{12056CC4-8E9D-45B0-9FC5-BC7384212168}.Debug|x64.Build.0 = Debug|x64
		{12056CC4-8E9D-45B0-9FC5-BC7384212168}.Debug|x86.ActiveCfg = Debug|Win32
		{12056CC4-8E9D-45B0-9FC5-BC7384212168}.Debug|x86.Build.0 = Debug|Win32
		{12056CC4-8E9D-45B0-9FC5-BC7384212168}.Release|x64.ActiveCfg = Release|x64
		{12056CC4-8E9D-45B0-9FC5-BC7384212168}.Release|x64.Build.0 = Release|x64
		{12056CC4-8E9D-45B0-9FC5-BC7384212168}.Release|x86.ActiveCfg = Release|Win32
		{12056CC4-8E9D-45B0-9FC5-BC7384212168}.Release|x86.Build.0 = Release|Win32
		{B0638D6A-2AB2-4B1E-BA2F-C23A2D90969C}.Debug|x64.ActiveCfg = Debug|x64
		{B0638D6A-2AB2-4B1E-BA2F-C23A2D90969C}.Debug|x64.Build.0 = Debug|x64
		{B0638D6A-2AB2-4B1E-BA2F-C23A2D90969C}.Debug|x86.ActiveCfg = Debug|Win32
		{B0638D6A-2AB2-4B1E-BA2F-C23A2D90969C}.Debug|x86.Build.0 = Debug|Win32
		{B0638D6A-2AB2-4B1E-BA2F-C23A2D90969C}.Release|x64.ActiveCfg = Release|x64
		{B0638D6A-2AB2-4B1E-BA2F-C23A2D90969C}.Release|x64.Build.0 = Release|x64
		{B0638D6A-2AB2-4B1E-BA2F-C23A2D90969C}.Release|x86.ActiveCfg = Release|Win32
		{B0638D6A-2AB2-4B1E-BA2F-C23A2D90969C}.Release|x86.Build.0 = Release|Win32
		{DBBE42EC-5C49-481B-9346-A8ECA8D78FA3}.Debug|x64.ActiveCfg = Debug|x64
		{DBBE42EC-5C49-481B-9346-A8ECA8D78FA3}.Debug|x64.Build.0 = Debug|x64
		{DBBE42EC-5C49-481B-9346-A8ECA8D78FA3}.Debug|x86.ActiveCfg = Debug|Win32
		{DBBE42EC-5C49-481B-9346-A8ECA8D78FA3}.Debug|x86.Build.0 = Debug|Win32
		{DBBE42EC-5C49-481B-9346-A8ECA8D78FA3}.Release|x64.ActiveCfg = Release|x64
		{DBBE42EC-5C49-481B-9346-A8ECA8D78FA3}.Release|x64.Build.0 = Release|x64
		{DBBE42EC-5C49-481B-9346-A8ECA8D78FA3}.Release|x86.ActiveCfg = Release|Win32
		{DBBE42EC-5C49-481B-9346-A8ECA8D78FA3}.Release|x86.Build.0 = Release|Win32
		{25AC995B-8C38-4D17-BE6D-90917E338B6E}.Debug|x64.ActiveCfg = Debug|x64
		{25AC995B-8C38-4D17-BE6D-90917E338B6E}.Debug|x64.Build.0 = Debug|x64
		{25AC995B-8C38-4D17-BE6D-90917E338B6E}.Debug|x86.ActiveCfg = Debug|Win32
		{25AC995B-8C38-4D17-BE6D-90917E338B6E}.Debug|x86.Build.0 = Debug|Win32
		{25AC995B-8C38-4D17-BE6D-90917E338B6E}.Release|x64.ActiveCfg = Release|x64
		{25AC995B-8C38-4D17-BE6D-90917E338B6E}.Release|x64.Build.0 = Release|x64
		{25AC995B-8C38-4D17-BE6D-90917E338B6E}.Release|x86.ActiveCfg = Release|Win32
		{25AC995B-8C38-4D17-BE6D-90917E338B6E}.Release|x86.Build.0 = Release|Win32
		{D7888AAC-1069-4510-A778-2D0928EBE7A6}.Debug|x64.ActiveCfg = Debug|x64
		{D7888AAC-1069-4510-A778-2D0928EBE7A6}.Debug|x64.Build.0 = Debug|x64
		{D7888AAC-1069-4510-A778-2D0928EBE7A6}.Debug|x86.ActiveCfg = Debug|Win32
		{D7888AAC-1069-4510-A778-2D0928EBE7A6}.Debug|x86.Build.0 = Debug|Win32
		{D7888AAC-1069-4510-A778-2D0928EBE7A6}.Release|x64.ActiveCfg = Release|x64
		{D7888AAC-1069-4510-A778-2D0928EBE7A6}.Release|x64.Build.0 = Release|x64
		{D7888AAC-1069-4510-A778-2D0928EBE7A6}.Release|x86.ActiveCfg = Release|Win32
		{D7888AAC-1069-4510-A778-2D0928EBE7A6}.Release|x86.Build.0 = Release|Win32
	EndGlobalSection
	GlobalSection(SolutionProperties) = preSolution
		HideSolutionNode = FALSE
	EndGlobalSection
	GlobalSection(ExtensibilityGlobals) = postSolution
		SolutionGuid = {580C9846-68DD-4ED7-BF75-753F9B796851}
	EndGlobalSection
EndGlobal
